
Microsoft Visual Studio Solution File, Format Version 12.00
# Visual Studio 15
VisualStudioVersion = 15.0.28307.421
MinimumVisualStudioVersion = 10.0.40219.1
Project("{FAE04EC0-301F-11D3-BF4B-00C04F79EFBC}") = "UltimateQuarryFeedback", "UltimateQuarryFeedback\UltimateQuarryFeedback.csproj", "{2270CAA5-7CB0-40C8-A292-5EC85B323466}"
EndProject
Project("{FAE04EC0-301F-11D3-BF4B-00C04F79EFBC}") = "UltimateQuarryFeedbackTest", "UltimateQuarryFeedbackTest\UltimateQuarryFeedbackTest.csproj", "{FC3DEE94-D14B-44C4-BE67-6BC71F2A713B}"
EndProject
Global
	GlobalSection(SolutionConfigurationPlatforms) = preSolution
		Debug|Any CPU = Debug|Any CPU
		Release|Any CPU = Release|Any CPU
	EndGlobalSection
	GlobalSection(ProjectConfigurationPlatforms) = postSolution
		{2270CAA5-7CB0-40C8-A292-5EC85B323466}.Debug|Any CPU.ActiveCfg = Debug|Any CPU
		{2270CAA5-7CB0-40C8-A292-5EC85B323466}.Debug|Any CPU.Build.0 = Debug|Any CPU
		{2270CAA5-7CB0-40C8-A292-5EC85B323466}.Release|Any CPU.ActiveCfg = Release|Any CPU
		{2270CAA5-7CB0-40C8-A292-5EC85B323466}.Release|Any CPU.Build.0 = Release|Any CPU
		{FC3DEE94-D14B-44C4-BE67-6BC71F2A713B}.Debug|Any CPU.ActiveCfg = Debug|Any CPU
		{FC3DEE94-D14B-44C4-BE67-6BC71F2A713B}.Debug|Any CPU.Build.0 = Debug|Any CPU
		{FC3DEE94-D14B-44C4-BE67-6BC71F2A713B}.Release|Any CPU.ActiveCfg = Release|Any CPU
		{FC3DEE94-D14B-44C4-BE67-6BC71F2A713B}.Release|Any CPU.Build.0 = Release|Any CPU
	EndGlobalSection
	GlobalSection(SolutionProperties) = preSolution
		HideSolutionNode = FALSE
	EndGlobalSection
	GlobalSection(ExtensibilityGlobals) = postSolution
		SolutionGuid = {E5B44FF1-D2E6-457E-81DF-CA5515E4DA69}
	EndGlobalSection
EndGlobal
